
Microsoft Visual Studio Solution File, Format Version 12.00
# Visual Studio Version 17
VisualStudioVersion = 17.2.32427.441
MinimumVisualStudioVersion = 10.0.40219.1
Project("{9A19103F-16F7-4668-BE54-9A1E7A4F7556}") = "MineSweeper", "MineSweeper\MineSweeper.csproj", "{56DF0345-8F83-4A86-8308-5AA8937F7305}"
EndProject
Project("{9A19103F-16F7-4668-BE54-9A1E7A4F7556}") = "MineSweeper.Player", "MineSweeper.Player\MineSweeper.Player.csproj", "{26725C60-9200-4427-AF28-D19779A73DDC}"
EndProject
Project("{2150E333-8FDC-42A3-9474-1A3956D46DE8}") = "01. GameEntry", "01. GameEntry", "{30FA704C-8467-438C-A3C9-F9F20B31E3D6}"
EndProject
Project("{2150E333-8FDC-42A3-9474-1A3956D46DE8}") = "10. PlayerTemplates", "10. PlayerTemplates", "{B0F51F05-3213-413C-A458-97F736079742}"
EndProject
Project("{2150E333-8FDC-42A3-9474-1A3956D46DE8}") = "CSharp", "CSharp", "{1C403CCB-CD1D-41FE-9B17-57AD6701D94E}"
EndProject
Project("{2150E333-8FDC-42A3-9474-1A3956D46DE8}") = "Javascript", "Javascript", "{FA611322-6DA7-4A61-9410-15F8A4A1A2A1}"
EndProject
Project("{9A19103F-16F7-4668-BE54-9A1E7A4F7556}") = "NXP-CSharp-MineSweeper", "NXP-Mimesweeper\NXP-CSharp-MineSweeper.csproj", "{412C791E-EBBD-4D63-A617-48364272DBDE}"
EndProject
Project("{9A19103F-16F7-4668-BE54-9A1E7A4F7556}") = "NXP-JS-MineSweeper", "NXP-JS-MineSweeper\NXP-JS-MineSweeper.csproj", "{C8EBE2FE-7BAF-438A-8D5C-EE7372A66361}"
EndProject
Project("{2150E333-8FDC-42A3-9474-1A3956D46DE8}") = "Solution Items", "Solution Items", "{B6373B7C-DFC5-46F5-B5EF-6C12E507D43F}"
	ProjectSection(SolutionItems) = preProject
		.editorconfig = .editorconfig
	EndProjectSection
EndProject
Project("{9A19103F-16F7-4668-BE54-9A1E7A4F7556}") = "MineSweeper.Defines", "MineSweeper.Defines\MineSweeper.Defines.csproj", "{040DFABA-9813-417C-B8F8-5B0854149050}"
EndProject
Project("{9A19103F-16F7-4668-BE54-9A1E7A4F7556}") = "MineSweeper.ViewModels", "MineSweeper.ViewModels\MineSweeper.ViewModels.csproj", "{8B6FE5ED-08ED-41EC-8550-7AEB9DC97C83}"
EndProject
Project("{9A19103F-16F7-4668-BE54-9A1E7A4F7556}") = "MineSweeper.Models", "MineSweeper.Models\MineSweeper.Models.csproj", "{9CDB5554-38E5-476D-818C-C6C06EBA8FF9}"
EndProject
Project("{9A19103F-16F7-4668-BE54-9A1E7A4F7556}") = "MineSweeper.Commons", "MineSweeper.Commons\MineSweeper.Commons.csproj", "{7D1EBA82-C0B4-470A-9CF6-807A2157E069}"
EndProject
Project("{9A19103F-16F7-4668-BE54-9A1E7A4F7556}") = "MineSweeper.Services", "MineSweeper.Services\MineSweeper.Services.csproj", "{CBE8A268-37AC-4089-A60B-3D796EA81B6A}"
EndProject
Project("{9A19103F-16F7-4668-BE54-9A1E7A4F7556}") = "MineSweeper.Views", "MineSweeper.Views\MineSweeper.Views.csproj", "{A1193EA9-A42A-485A-97B1-5A684403D92B}"
EndProject
Project("{2150E333-8FDC-42A3-9474-1A3956D46DE8}") = "04. Views", "04. Views", "{6A382E63-F26D-4829-A03A-BB58A91BCCCB}"
EndProject
Project("{2150E333-8FDC-42A3-9474-1A3956D46DE8}") = "02. Commons", "02. Commons", "{BE664475-B4C9-4769-8400-E32B9A186463}"
EndProject
Project("{2150E333-8FDC-42A3-9474-1A3956D46DE8}") = "05. ViewModels", "05. ViewModels", "{0C17E5CF-CDAF-4441-8BAF-44DFF8235316}"
EndProject
Project("{2150E333-8FDC-42A3-9474-1A3956D46DE8}") = "03. Services", "03. Services", "{CB073D7E-8278-4FA5-9405-4BCA206E3C71}"
EndProject
Project("{FAE04EC0-301F-11D3-BF4B-00C04F79EFBC}") = "MineSweeper.Views.Converters", "MineSweeper.Views.Converters\MineSweeper.Views.Converters.csproj", "{42958DCD-8305-4DFD-9F92-D950650E185A}"
EndProject
Project("{FAE04EC0-301F-11D3-BF4B-00C04F79EFBC}") = "MineSweeper.Relay", "MineSweeper.Relay\MineSweeper.Relay.csproj", "{14FE122B-56AC-4164-8F69-51E76F99F1C3}"
EndProject
Project("{FAE04EC0-301F-11D3-BF4B-00C04F79EFBC}") = "MineSweeper.Views.Mappings", "MineSweeper.Views.Mappings\MineSweeper.Views.Mappings.csproj", "{08F51B45-1AA0-46D3-94C8-6416F11F69E3}"
EndProject
Global
	GlobalSection(SolutionConfigurationPlatforms) = preSolution
		Debug|Any CPU = Debug|Any CPU
		Debug|x64 = Debug|x64
		Release|Any CPU = Release|Any CPU
		Release|x64 = Release|x64
	EndGlobalSection
	GlobalSection(ProjectConfigurationPlatforms) = postSolution
		{56DF0345-8F83-4A86-8308-5AA8937F7305}.Debug|Any CPU.ActiveCfg = Debug|Any CPU
		{56DF0345-8F83-4A86-8308-5AA8937F7305}.Debug|Any CPU.Build.0 = Debug|Any CPU
		{56DF0345-8F83-4A86-8308-5AA8937F7305}.Debug|x64.ActiveCfg = Debug|x64
		{56DF0345-8F83-4A86-8308-5AA8937F7305}.Debug|x64.Build.0 = Debug|x64
		{56DF0345-8F83-4A86-8308-5AA8937F7305}.Release|Any CPU.ActiveCfg = Release|Any CPU
		{56DF0345-8F83-4A86-8308-5AA8937F7305}.Release|Any CPU.Build.0 = Release|Any CPU
		{56DF0345-8F83-4A86-8308-5AA8937F7305}.Release|x64.ActiveCfg = Release|x64
		{56DF0345-8F83-4A86-8308-5AA8937F7305}.Release|x64.Build.0 = Release|x64
		{26725C60-9200-4427-AF28-D19779A73DDC}.Debug|Any CPU.ActiveCfg = Debug|Any CPU
		{26725C60-9200-4427-AF28-D19779A73DDC}.Debug|Any CPU.Build.0 = Debug|Any CPU
		{26725C60-9200-4427-AF28-D19779A73DDC}.Debug|x64.ActiveCfg = Debug|x64
		{26725C60-9200-4427-AF28-D19779A73DDC}.Debug|x64.Build.0 = Debug|x64
		{26725C60-9200-4427-AF28-D19779A73DDC}.Release|Any CPU.ActiveCfg = Release|Any CPU
		{26725C60-9200-4427-AF28-D19779A73DDC}.Release|Any CPU.Build.0 = Release|Any CPU
		{26725C60-9200-4427-AF28-D19779A73DDC}.Release|x64.ActiveCfg = Release|x64
		{26725C60-9200-4427-AF28-D19779A73DDC}.Release|x64.Build.0 = Release|x64
		{412C791E-EBBD-4D63-A617-48364272DBDE}.Debug|Any CPU.ActiveCfg = Debug|Any CPU
		{412C791E-EBBD-4D63-A617-48364272DBDE}.Debug|Any CPU.Build.0 = Debug|Any CPU
		{412C791E-EBBD-4D63-A617-48364272DBDE}.Debug|x64.ActiveCfg = Debug|x64
		{412C791E-EBBD-4D63-A617-48364272DBDE}.Debug|x64.Build.0 = Debug|x64
		{412C791E-EBBD-4D63-A617-48364272DBDE}.Release|Any CPU.ActiveCfg = Release|Any CPU
		{412C791E-EBBD-4D63-A617-48364272DBDE}.Release|Any CPU.Build.0 = Release|Any CPU
		{412C791E-EBBD-4D63-A617-48364272DBDE}.Release|x64.ActiveCfg = Release|x64
		{412C791E-EBBD-4D63-A617-48364272DBDE}.Release|x64.Build.0 = Release|x64
		{C8EBE2FE-7BAF-438A-8D5C-EE7372A66361}.Debug|Any CPU.ActiveCfg = Debug|Any CPU
		{C8EBE2FE-7BAF-438A-8D5C-EE7372A66361}.Debug|Any CPU.Build.0 = Debug|Any CPU
		{C8EBE2FE-7BAF-438A-8D5C-EE7372A66361}.Debug|x64.ActiveCfg = Debug|x64
		{C8EBE2FE-7BAF-438A-8D5C-EE7372A66361}.Debug|x64.Build.0 = Debug|x64
		{C8EBE2FE-7BAF-438A-8D5C-EE7372A66361}.Release|Any CPU.ActiveCfg = Release|Any CPU
		{C8EBE2FE-7BAF-438A-8D5C-EE7372A66361}.Release|Any CPU.Build.0 = Release|Any CPU
		{C8EBE2FE-7BAF-438A-8D5C-EE7372A66361}.Release|x64.ActiveCfg = Release|x64
		{C8EBE2FE-7BAF-438A-8D5C-EE7372A66361}.Release|x64.Build.0 = Release|x64
		{040DFABA-9813-417C-B8F8-5B0854149050}.Debug|Any CPU.ActiveCfg = Debug|Any CPU
		{040DFABA-9813-417C-B8F8-5B0854149050}.Debug|Any CPU.Build.0 = Debug|Any CPU
		{040DFABA-9813-417C-B8F8-5B0854149050}.Debug|x64.ActiveCfg = Debug|x64
		{040DFABA-9813-417C-B8F8-5B0854149050}.Debug|x64.Build.0 = Debug|x64
		{040DFABA-9813-417C-B8F8-5B0854149050}.Release|Any CPU.ActiveCfg = Release|Any CPU
		{040DFABA-9813-417C-B8F8-5B0854149050}.Release|Any CPU.Build.0 = Release|Any CPU
		{040DFABA-9813-417C-B8F8-5B0854149050}.Release|x64.ActiveCfg = Release|Any CPU
		{040DFABA-9813-417C-B8F8-5B0854149050}.Release|x64.Build.0 = Release|Any CPU
		{8B6FE5ED-08ED-41EC-8550-7AEB9DC97C83}.Debug|Any CPU.ActiveCfg = Debug|Any CPU
		{8B6FE5ED-08ED-41EC-8550-7AEB9DC97C83}.Debug|Any CPU.Build.0 = Debug|Any CPU
		{8B6FE5ED-08ED-41EC-8550-7AEB9DC97C83}.Debug|x64.ActiveCfg = Debug|x64
		{8B6FE5ED-08ED-41EC-8550-7AEB9DC97C83}.Debug|x64.Build.0 = Debug|x64
		{8B6FE5ED-08ED-41EC-8550-7AEB9DC97C83}.Release|Any CPU.ActiveCfg = Release|Any CPU
		{8B6FE5ED-08ED-41EC-8550-7AEB9DC97C83}.Release|Any CPU.Build.0 = Release|Any CPU
		{8B6FE5ED-08ED-41EC-8550-7AEB9DC97C83}.Release|x64.ActiveCfg = Release|Any CPU
		{8B6FE5ED-08ED-41EC-8550-7AEB9DC97C83}.Release|x64.Build.0 = Release|Any CPU
		{9CDB5554-38E5-476D-818C-C6C06EBA8FF9}.Debug|Any CPU.ActiveCfg = Debug|Any CPU
		{9CDB5554-38E5-476D-818C-C6C06EBA8FF9}.Debug|Any CPU.Build.0 = Debug|Any CPU
		{9CDB5554-38E5-476D-818C-C6C06EBA8FF9}.Debug|x64.ActiveCfg = Debug|x64
		{9CDB5554-38E5-476D-818C-C6C06EBA8FF9}.Debug|x64.Build.0 = Debug|x64
		{9CDB5554-38E5-476D-818C-C6C06EBA8FF9}.Release|Any CPU.ActiveCfg = Release|Any CPU
		{9CDB5554-38E5-476D-818C-C6C06EBA8FF9}.Release|Any CPU.Build.0 = Release|Any CPU
		{9CDB5554-38E5-476D-818C-C6C06EBA8FF9}.Release|x64.ActiveCfg = Release|Any CPU
		{9CDB5554-38E5-476D-818C-C6C06EBA8FF9}.Release|x64.Build.0 = Release|Any CPU
		{7D1EBA82-C0B4-470A-9CF6-807A2157E069}.Debug|Any CPU.ActiveCfg = Debug|Any CPU
		{7D1EBA82-C0B4-470A-9CF6-807A2157E069}.Debug|Any CPU.Build.0 = Debug|Any CPU
		{7D1EBA82-C0B4-470A-9CF6-807A2157E069}.Debug|x64.ActiveCfg = Debug|x64
		{7D1EBA82-C0B4-470A-9CF6-807A2157E069}.Debug|x64.Build.0 = Debug|x64
		{7D1EBA82-C0B4-470A-9CF6-807A2157E069}.Release|Any CPU.ActiveCfg = Release|Any CPU
		{7D1EBA82-C0B4-470A-9CF6-807A2157E069}.Release|Any CPU.Build.0 = Release|Any CPU
		{7D1EBA82-C0B4-470A-9CF6-807A2157E069}.Release|x64.ActiveCfg = Release|Any CPU
		{7D1EBA82-C0B4-470A-9CF6-807A2157E069}.Release|x64.Build.0 = Release|Any CPU
		{CBE8A268-37AC-4089-A60B-3D796EA81B6A}.Debug|Any CPU.ActiveCfg = Debug|Any CPU
		{CBE8A268-37AC-4089-A60B-3D796EA81B6A}.Debug|Any CPU.Build.0 = Debug|Any CPU
		{CBE8A268-37AC-4089-A60B-3D796EA81B6A}.Debug|x64.ActiveCfg = Debug|x64
		{CBE8A268-37AC-4089-A60B-3D796EA81B6A}.Debug|x64.Build.0 = Debug|x64
		{CBE8A268-37AC-4089-A60B-3D796EA81B6A}.Release|Any CPU.ActiveCfg = Release|Any CPU
		{CBE8A268-37AC-4089-A60B-3D796EA81B6A}.Release|Any CPU.Build.0 = Release|Any CPU
		{CBE8A268-37AC-4089-A60B-3D796EA81B6A}.Release|x64.ActiveCfg = Release|Any CPU
		{CBE8A268-37AC-4089-A60B-3D796EA81B6A}.Release|x64.Build.0 = Release|Any CPU
		{A1193EA9-A42A-485A-97B1-5A684403D92B}.Debug|Any CPU.ActiveCfg = Debug|Any CPU
		{A1193EA9-A42A-485A-97B1-5A684403D92B}.Debug|Any CPU.Build.0 = Debug|Any CPU
		{A1193EA9-A42A-485A-97B1-5A684403D92B}.Debug|x64.ActiveCfg = Debug|x64
		{A1193EA9-A42A-485A-97B1-5A684403D92B}.Debug|x64.Build.0 = Debug|x64
		{A1193EA9-A42A-485A-97B1-5A684403D92B}.Release|Any CPU.ActiveCfg = Release|Any CPU
		{A1193EA9-A42A-485A-97B1-5A684403D92B}.Release|Any CPU.Build.0 = Release|Any CPU
		{A1193EA9-A42A-485A-97B1-5A684403D92B}.Release|x64.ActiveCfg = Release|Any CPU
		{A1193EA9-A42A-485A-97B1-5A684403D92B}.Release|x64.Build.0 = Release|Any CPU
		{42958DCD-8305-4DFD-9F92-D950650E185A}.Debug|Any CPU.ActiveCfg = Debug|Any CPU
		{42958DCD-8305-4DFD-9F92-D950650E185A}.Debug|Any CPU.Build.0 = Debug|Any CPU
		{42958DCD-8305-4DFD-9F92-D950650E185A}.Debug|x64.ActiveCfg = Debug|x64
		{42958DCD-8305-4DFD-9F92-D950650E185A}.Debug|x64.Build.0 = Debug|x64
		{42958DCD-8305-4DFD-9F92-D950650E185A}.Release|Any CPU.ActiveCfg = Release|Any CPU
		{42958DCD-8305-4DFD-9F92-D950650E185A}.Release|Any CPU.Build.0 = Release|Any CPU
		{42958DCD-8305-4DFD-9F92-D950650E185A}.Release|x64.ActiveCfg = Release|Any CPU
		{42958DCD-8305-4DFD-9F92-D950650E185A}.Release|x64.Build.0 = Release|Any CPU
		{14FE122B-56AC-4164-8F69-51E76F99F1C3}.Debug|Any CPU.ActiveCfg = Debug|Any CPU
		{14FE122B-56AC-4164-8F69-51E76F99F1C3}.Debug|Any CPU.Build.0 = Debug|Any CPU
		{14FE122B-56AC-4164-8F69-51E76F99F1C3}.Debug|x64.ActiveCfg = Debug|x64
		{14FE122B-56AC-4164-8F69-51E76F99F1C3}.Debug|x64.Build.0 = Debug|x64
		{14FE122B-56AC-4164-8F69-51E76F99F1C3}.Release|Any CPU.ActiveCfg = Release|Any CPU
		{14FE122B-56AC-4164-8F69-51E76F99F1C3}.Release|Any CPU.Build.0 = Release|Any CPU
		{14FE122B-56AC-4164-8F69-51E76F99F1C3}.Release|x64.ActiveCfg = Release|Any CPU
		{14FE122B-56AC-4164-8F69-51E76F99F1C3}.Release|x64.Build.0 = Release|Any CPU
		{08F51B45-1AA0-46D3-94C8-6416F11F69E3}.Debug|Any CPU.ActiveCfg = Debug|Any CPU
		{08F51B45-1AA0-46D3-94C8-6416F11F69E3}.Debug|Any CPU.Build.0 = Debug|Any CPU
		{08F51B45-1AA0-46D3-94C8-6416F11F69E3}.Debug|x64.ActiveCfg = Debug|Any CPU
		{08F51B45-1AA0-46D3-94C8-6416F11F69E3}.Debug|x64.Build.0 = Debug|Any CPU
		{08F51B45-1AA0-46D3-94C8-6416F11F69E3}.Release|Any CPU.ActiveCfg = Release|Any CPU
		{08F51B45-1AA0-46D3-94C8-6416F11F69E3}.Release|Any CPU.Build.0 = Release|Any CPU
		{08F51B45-1AA0-46D3-94C8-6416F11F69E3}.Release|x64.ActiveCfg = Release|Any CPU
		{08F51B45-1AA0-46D3-94C8-6416F11F69E3}.Release|x64.Build.0 = Release|Any CPU
	EndGlobalSection
	GlobalSection(SolutionProperties) = preSolution
		HideSolutionNode = FALSE
	EndGlobalSection
	GlobalSection(NestedProjects) = preSolution
		{56DF0345-8F83-4A86-8308-5AA8937F7305} = {30FA704C-8467-438C-A3C9-F9F20B31E3D6}
		{26725C60-9200-4427-AF28-D19779A73DDC} = {BE664475-B4C9-4769-8400-E32B9A186463}
		{1C403CCB-CD1D-41FE-9B17-57AD6701D94E} = {B0F51F05-3213-413C-A458-97F736079742}
		{FA611322-6DA7-4A61-9410-15F8A4A1A2A1} = {B0F51F05-3213-413C-A458-97F736079742}
		{412C791E-EBBD-4D63-A617-48364272DBDE} = {1C403CCB-CD1D-41FE-9B17-57AD6701D94E}
		{C8EBE2FE-7BAF-438A-8D5C-EE7372A66361} = {FA611322-6DA7-4A61-9410-15F8A4A1A2A1}
		{040DFABA-9813-417C-B8F8-5B0854149050} = {BE664475-B4C9-4769-8400-E32B9A186463}
		{8B6FE5ED-08ED-41EC-8550-7AEB9DC97C83} = {0C17E5CF-CDAF-4441-8BAF-44DFF8235316}
		{9CDB5554-38E5-476D-818C-C6C06EBA8FF9} = {0C17E5CF-CDAF-4441-8BAF-44DFF8235316}
		{7D1EBA82-C0B4-470A-9CF6-807A2157E069} = {BE664475-B4C9-4769-8400-E32B9A186463}
		{CBE8A268-37AC-4089-A60B-3D796EA81B6A} = {CB073D7E-8278-4FA5-9405-4BCA206E3C71}
		{A1193EA9-A42A-485A-97B1-5A684403D92B} = {6A382E63-F26D-4829-A03A-BB58A91BCCCB}
		{42958DCD-8305-4DFD-9F92-D950650E185A} = {6A382E63-F26D-4829-A03A-BB58A91BCCCB}
		{14FE122B-56AC-4164-8F69-51E76F99F1C3} = {6A382E63-F26D-4829-A03A-BB58A91BCCCB}
		{08F51B45-1AA0-46D3-94C8-6416F11F69E3} = {6A382E63-F26D-4829-A03A-BB58A91BCCCB}
	EndGlobalSection
	GlobalSection(ExtensibilityGlobals) = postSolution
		SolutionGuid = {EF500C01-777A-4BB6-BA59-B626C87C9653}
	EndGlobalSection
EndGlobal
